
Microsoft Visual Studio Solution File, Format Version 12.00
# Visual Studio 15
VisualStudioVersion = 15.0.28307.1062
MinimumVisualStudioVersion = 10.0.40219.1
Project("{FAE04EC0-301F-11D3-BF4B-00C04F79EFBC}") = "ControleEstoque.Web", "ControleEstoque.Web\ControleEstoque.Web.csproj", "{080E5597-EC05-44A4-9792-427ED9E8FD10}"
EndProject
Global
	GlobalSection(SolutionConfigurationPlatforms) = preSolution
		Debug|Any CPU = Debug|Any CPU
		Release|Any CPU = Release|Any CPU
	EndGlobalSection
	GlobalSection(ProjectConfigurationPlatforms) = postSolution
		{080E5597-EC05-44A4-9792-427ED9E8FD10}.Debug|Any CPU.ActiveCfg = Debug|Any CPU
		{080E5597-EC05-44A4-9792-427ED9E8FD10}.Debug|Any CPU.Build.0 = Debug|Any CPU
		{080E5597-EC05-44A4-9792-427ED9E8FD10}.Release|Any CPU.ActiveCfg = Release|Any CPU
		{080E5597-EC05-44A4-9792-427ED9E8FD10}.Release|Any CPU.Build.0 = Release|Any CPU
	EndGlobalSection
	GlobalSection(SolutionProperties) = preSolution
		HideSolutionNode = FALSE
	EndGlobalSection
	GlobalSection(ExtensibilityGlobals) = postSolution
		SolutionGuid = {B9A3D83E-484B-49C5-8931-1BFED6C08E0A}
	EndGlobalSection
EndGlobal
